
Microsoft Visual Studio Solution File, Format Version 12.00
# Visual Studio Version 16
VisualStudioVersion = 16.0.31313.79
MinimumVisualStudioVersion = 10.0.40219.1
Project("{FAE04EC0-301F-11D3-BF4B-00C04F79EFBC}") = "MappingMap", "MappingMap\MappingMap.csproj", "{62AFE176-399A-4684-83FE-578B7CAFE83E}"
EndProject
Project("{FAE04EC0-301F-11D3-BF4B-00C04F79EFBC}") = "ViewerLib", "ViewerLib\ViewerLib.csproj", "{812C1B79-F8F4-430E-A986-1175016CACD9}"
EndProject
Global
	GlobalSection(SolutionConfigurationPlatforms) = preSolution
		Debug|Any CPU = Debug|Any CPU
		Debug|x64 = Debug|x64
		Release|Any CPU = Release|Any CPU
		Release|x64 = Release|x64
	EndGlobalSection
	GlobalSection(ProjectConfigurationPlatforms) = postSolution
		{62AFE176-399A-4684-83FE-578B7CAFE83E}.Debug|Any CPU.ActiveCfg = Debug|Any CPU
		{62AFE176-399A-4684-83FE-578B7CAFE83E}.Debug|Any CPU.Build.0 = Debug|Any CPU
		{62AFE176-399A-4684-83FE-578B7CAFE83E}.Debug|x64.ActiveCfg = Debug|x64
		{62AFE176-399A-4684-83FE-578B7CAFE83E}.Debug|x64.Build.0 = Debug|x64
		{62AFE176-399A-4684-83FE-578B7CAFE83E}.Release|Any CPU.ActiveCfg = Release|Any CPU
		{62AFE176-399A-4684-83FE-578B7CAFE83E}.Release|Any CPU.Build.0 = Release|Any CPU
		{62AFE176-399A-4684-83FE-578B7CAFE83E}.Release|x64.ActiveCfg = Release|x64
		{62AFE176-399A-4684-83FE-578B7CAFE83E}.Release|x64.Build.0 = Release|x64
		{812C1B79-F8F4-430E-A986-1175016CACD9}.Debug|Any CPU.ActiveCfg = Debug|Any CPU
		{812C1B79-F8F4-430E-A986-1175016CACD9}.Debug|Any CPU.Build.0 = Debug|Any CPU
		{812C1B79-F8F4-430E-A986-1175016CACD9}.Debug|x64.ActiveCfg = Debug|Any CPU
		{812C1B79-F8F4-430E-A986-1175016CACD9}.Debug|x64.Build.0 = Debug|Any CPU
		{812C1B79-F8F4-430E-A986-1175016CACD9}.Release|Any CPU.ActiveCfg = Release|Any CPU
		{812C1B79-F8F4-430E-A986-1175016CACD9}.Release|Any CPU.Build.0 = Release|Any CPU
		{812C1B79-F8F4-430E-A986-1175016CACD9}.Release|x64.ActiveCfg = Release|Any CPU
		{812C1B79-F8F4-430E-A986-1175016CACD9}.Release|x64.Build.0 = Release|Any CPU
	EndGlobalSection
	GlobalSection(SolutionProperties) = preSolution
		HideSolutionNode = FALSE
	EndGlobalSection
	GlobalSection(ExtensibilityGlobals) = postSolution
		SolutionGuid = {BB672FFC-C246-443A-B0A2-D10CE372DB41}
	EndGlobalSection
EndGlobal
